<Solution>
  <Folder Name="/Core/">
    <Project Path="MyOS.Core.Application/MyOS.Core.Application.csproj" />
    <Project Path="MyOS.Core.Domain/MyOS.Core.Domain.csproj" />
    <Project Path="MyOS.Core.Infrastructure/MyOS.Core.Infrastructure.csproj" />
  </Folder>
  <Folder Name="/Identity/">
    <Project Path="MyOS.Identity.Application/MyOS.Identity.Application.csproj" />
    <Project Path="MyOS.Identity.Domain/MyOS.Identity.Domain.csproj" />
    <Project Path="MyOS.Identity.Infrastructure/MyOS.Identity.Infrastructure.csproj" />
  </Folder>
  <Project Path="MyOS.API/MyOS.API.csproj" />
  <Project Path="MyOS.Migrator/MyOS.Migrator.csproj" />
</Solution>
