<Solution>
  <Folder Name="/Core/">
    <Project Path="MyOS.Core.Application/MyOS.Core.Application.csproj" />
    <Project Path="MyOS.Core.Domain/MyOS.Core.Domain.csproj" />
    <Project Path="MyOS.Core.Infrastructure/MyOS.Core.Infrastructure.csproj" />
  </Folder>
  <Folder Name="/Identity/">
    <Project Path="MyOS.Identity.Application/MyOS.Identity.Application.csproj" />
    <Project Path="MyOS.Identity.Domain/MyOS.Identity.Domain.csproj" />
    <Project Path="MyOS.Identity.Infrastructure/MyOS.Identity.Infrastructure.csproj" />
  </Folder>
  <Folder Name="/Notes/">
    <Project Path="MyOS.Modules.Notes.Application/MyOS.Modules.Notes.Application.csproj" />
    <Project Path="MyOS.Modules.Notes.Domain/MyOS.Modules.Notes.Domain.csproj" />
    <Project Path="MyOS.Modules.Notes.Infrastructure/MyOS.Modules.Notes.Infrastructure.csproj" />
  </Folder>
  <Folder Name="/Storage/">
    <Project Path="MyOS.Modules.Storage.Application/MyOS.Modules.Storage.Application.csproj" />
    <Project Path="MyOS.Modules.Storage.Domain/MyOS.Modules.Storage.Domain.csproj" />
    <Project Path="MyOS.Modules.Storage.Infrastructure/MyOS.Modules.Storage.Infrastructure.csproj" />
  </Folder>
  <Folder Name="/Fitness/">
    <Project Path="MyOS.Modules.Fitness.Application/MyOS.Modules.Fitness.Application.csproj" />
    <Project Path="MyOS.Modules.Fitness.Domain/MyOS.Modules.Fitness.Domain.csproj" />
    <Project Path="MyOS.Modules.Fitness.Infrastructure/MyOS.Modules.Fitness.Infrastructure.csproj" />
  </Folder>
  <Folder Name="/Solution Items/">
    <File Path=".env" />
    <File Path=".env.example" />
    <File Path="docker-compose.yml" />
  </Folder>
  <Folder Name="/Solution Items/docker/" />
  <Folder Name="/Solution Items/docker/sqlserver/">
    <File Path="init-db.sh" />
    <File Path="init.sql" />
  </Folder>
  <Project Path="MyOS.API/MyOS.API.csproj" />
  <Project Path="MyOS.Migrator/MyOS.Migrator.csproj" />
  <Project Path="MyOS.Tests/MyOS.Tests.csproj" />
</Solution>
